
Microsoft Visual Studio Solution File, Format Version 12.00
# Visual Studio Version 17
VisualStudioVersion = 17.5.33627.172
MinimumVisualStudioVersion = 10.0.40219.1
Project("{FAE04EC0-301F-11D3-BF4B-00C04F79EFBC}") = "VTiger", "VTiger\VTiger.csproj", "{F858F8F5-1FA2-4D52-BB65-5E8CAC4DDF19}"
EndProject
Global
	GlobalSection(SolutionConfigurationPlatforms) = preSolution
		Debug|Any CPU = Debug|Any CPU
		Release|Any CPU = Release|Any CPU
	EndGlobalSection
	GlobalSection(ProjectConfigurationPlatforms) = postSolution
		{F858F8F5-1FA2-4D52-BB65-5E8CAC4DDF19}.Debug|Any CPU.ActiveCfg = Debug|Any CPU
		{F858F8F5-1FA2-4D52-BB65-5E8CAC4DDF19}.Debug|Any CPU.Build.0 = Debug|Any CPU
		{F858F8F5-1FA2-4D52-BB65-5E8CAC4DDF19}.Release|Any CPU.ActiveCfg = Release|Any CPU
		{F858F8F5-1FA2-4D52-BB65-5E8CAC4DDF19}.Release|Any CPU.Build.0 = Release|Any CPU
	EndGlobalSection
	GlobalSection(SolutionProperties) = preSolution
		HideSolutionNode = FALSE
	EndGlobalSection
	GlobalSection(ExtensibilityGlobals) = postSolution
		SolutionGuid = {A7F3D85C-787B-411D-A6BF-BB5C6DDBFD59}
	EndGlobalSection
EndGlobal
